// !$*UTF8*$!
{
	archiveVersion = 1;
	classes = {
	};
	objectVersion = 51;
	objects = {

/* Begin PBXBuildFile section */
		82F2BCA04C45F04CAA9AB85F /* Pods_Beeline.framework in Frameworks */ = {isa = PBXBuildFile; fileRef = EBBE5C1CF402E3E775A73905 /* Pods_Beeline.framework */; };
		9EC2C54FEBA8B9A09A7327C7 /* Pods_Beeline_BeelineUITests.framework in Frameworks */ = {isa = PBXBuildFile; fileRef = F067553B626B713FAE2FB857 /* Pods_Beeline_BeelineUITests.framework */; };
		D03B3968E5955173E4540DCC /* Pods_BeelineTests.framework in Frameworks */ = {isa = PBXBuildFile; fileRef = 927E6F83BFC55B10CD232265 /* Pods_BeelineTests.framework */; };
		DB4B51BE251A14EC00BA289D /* ActivitiesPresenter.swift in Sources */ = {isa = PBXBuildFile; fileRef = DB4B51B7251A14EB00BA289D /* ActivitiesPresenter.swift */; };
		DB4B51BF251A14EC00BA289D /* ActivitiesRouter.swift in Sources */ = {isa = PBXBuildFile; fileRef = DB4B51B8251A14EB00BA289D /* ActivitiesRouter.swift */; };
		DB4B51C0251A14EC00BA289D /* ActivitiesViewController.swift in Sources */ = {isa = PBXBuildFile; fileRef = DB4B51B9251A14EB00BA289D /* ActivitiesViewController.swift */; };
		DB4B51C1251A14EC00BA289D /* ActivitiesInteractor.swift in Sources */ = {isa = PBXBuildFile; fileRef = DB4B51BA251A14EB00BA289D /* ActivitiesInteractor.swift */; };
		DB4B51C2251A14EC00BA289D /* ActivitiesEntity.swift in Sources */ = {isa = PBXBuildFile; fileRef = DB4B51BB251A14EC00BA289D /* ActivitiesEntity.swift */; };
		DB4B51C3251A14EC00BA289D /* ActivitiesViewController.xib in Resources */ = {isa = PBXBuildFile; fileRef = DB4B51BC251A14EC00BA289D /* ActivitiesViewController.xib */; };
		DB4B51C4251A14EC00BA289D /* ActivitiesService.swift in Sources */ = {isa = PBXBuildFile; fileRef = DB4B51BD251A14EC00BA289D /* ActivitiesService.swift */; };
		DB4B51C9251A14FE00BA289D /* ActivitiesAssembly.swift in Sources */ = {isa = PBXBuildFile; fileRef = DB4B51C8251A14FE00BA289D /* ActivitiesAssembly.swift */; };
		DB4EF4D624FEF1790041EDEF /* AppDelegate.swift in Sources */ = {isa = PBXBuildFile; fileRef = DB4EF4D524FEF1790041EDEF /* AppDelegate.swift */; };
		DB4EF4DF24FEF17D0041EDEF /* Assets.xcassets in Resources */ = {isa = PBXBuildFile; fileRef = DB4EF4DE24FEF17D0041EDEF /* Assets.xcassets */; };
		DB4EF4E224FEF17D0041EDEF /* LaunchScreen.storyboard in Resources */ = {isa = PBXBuildFile; fileRef = DB4EF4E024FEF17D0041EDEF /* LaunchScreen.storyboard */; };
		DB4EF4ED24FEF17D0041EDEF /* BeelineTests.swift in Sources */ = {isa = PBXBuildFile; fileRef = DB4EF4EC24FEF17D0041EDEF /* BeelineTests.swift */; };
		DB4EF4F824FEF17D0041EDEF /* BeelineUITests.swift in Sources */ = {isa = PBXBuildFile; fileRef = DB4EF4F724FEF17D0041EDEF /* BeelineUITests.swift */; };
		DBBD008D2516312000074789 /* HomePresenter.swift in Sources */ = {isa = PBXBuildFile; fileRef = DBBD00862516312000074789 /* HomePresenter.swift */; };
		DBBD008E2516312000074789 /* HomeRouter.swift in Sources */ = {isa = PBXBuildFile; fileRef = DBBD00872516312000074789 /* HomeRouter.swift */; };
		DBBD008F2516312000074789 /* HomeViewController.swift in Sources */ = {isa = PBXBuildFile; fileRef = DBBD00882516312000074789 /* HomeViewController.swift */; };
		DBBD00902516312000074789 /* HomeInteractor.swift in Sources */ = {isa = PBXBuildFile; fileRef = DBBD00892516312000074789 /* HomeInteractor.swift */; };
		DBBD00912516312000074789 /* HomeEntity.swift in Sources */ = {isa = PBXBuildFile; fileRef = DBBD008A2516312000074789 /* HomeEntity.swift */; };
		DBBD00922516312000074789 /* HomeViewController.xib in Resources */ = {isa = PBXBuildFile; fileRef = DBBD008B2516312000074789 /* HomeViewController.xib */; };
		DBBD00932516312000074789 /* HomeService.swift in Sources */ = {isa = PBXBuildFile; fileRef = DBBD008C2516312000074789 /* HomeService.swift */; };
		DBBD00992516314400074789 /* HomeAssembly.swift in Sources */ = {isa = PBXBuildFile; fileRef = DBBD00982516314400074789 /* HomeAssembly.swift */; };
		DBBD00A82516317400074789 /* ViewControllerAssembly.swift in Sources */ = {isa = PBXBuildFile; fileRef = DBBD00A72516317400074789 /* ViewControllerAssembly.swift */; };
		DBBD00AE251631A600074789 /* ViewControllerFactory.swift in Sources */ = {isa = PBXBuildFile; fileRef = DBBD00AD251631A600074789 /* ViewControllerFactory.swift */; };
		DBBD00BF2516367C00074789 /* CardView.swift in Sources */ = {isa = PBXBuildFile; fileRef = DBBD00BE2516367C00074789 /* CardView.swift */; };
		DBBD00C42516383200074789 /* CardBlurView.swift in Sources */ = {isa = PBXBuildFile; fileRef = DBBD00C32516383200074789 /* CardBlurView.swift */; };
/* End PBXBuildFile section */

/* Begin PBXContainerItemProxy section */
		DB4EF4E924FEF17D0041EDEF /* PBXContainerItemProxy */ = {
			isa = PBXContainerItemProxy;
			containerPortal = DB4EF4CA24FEF1790041EDEF /* Project object */;
			proxyType = 1;
			remoteGlobalIDString = DB4EF4D124FEF1790041EDEF;
			remoteInfo = Beeline;
		};
		DB4EF4F424FEF17D0041EDEF /* PBXContainerItemProxy */ = {
			isa = PBXContainerItemProxy;
			containerPortal = DB4EF4CA24FEF1790041EDEF /* Project object */;
			proxyType = 1;
			remoteGlobalIDString = DB4EF4D124FEF1790041EDEF;
			remoteInfo = Beeline;
		};
/* End PBXContainerItemProxy section */

/* Begin PBXFileReference section */
		0B75DC308AD3255DF293182F /* Pods-Beeline.debug.xcconfig */ = {isa = PBXFileReference; includeInIndex = 1; lastKnownFileType = text.xcconfig; name = "Pods-Beeline.debug.xcconfig"; path = "Target Support Files/Pods-Beeline/Pods-Beeline.debug.xcconfig"; sourceTree = "<group>"; };
		236258606CE552698E9FF292 /* Pods-BeelineTests.debug.xcconfig */ = {isa = PBXFileReference; includeInIndex = 1; lastKnownFileType = text.xcconfig; name = "Pods-BeelineTests.debug.xcconfig"; path = "Target Support Files/Pods-BeelineTests/Pods-BeelineTests.debug.xcconfig"; sourceTree = "<group>"; };
		291CF1C8FA94F7EA360B9065 /* Pods-Beeline-BeelineUITests.release.xcconfig */ = {isa = PBXFileReference; includeInIndex = 1; lastKnownFileType = text.xcconfig; name = "Pods-Beeline-BeelineUITests.release.xcconfig"; path = "Target Support Files/Pods-Beeline-BeelineUITests/Pods-Beeline-BeelineUITests.release.xcconfig"; sourceTree = "<group>"; };
		33C8D68E157422E627987E1F /* Pods-Beeline-BeelineUITests.debug.xcconfig */ = {isa = PBXFileReference; includeInIndex = 1; lastKnownFileType = text.xcconfig; name = "Pods-Beeline-BeelineUITests.debug.xcconfig"; path = "Target Support Files/Pods-Beeline-BeelineUITests/Pods-Beeline-BeelineUITests.debug.xcconfig"; sourceTree = "<group>"; };
		43856969268D65E0E79B7476 /* Pods-BeelineTests.release.xcconfig */ = {isa = PBXFileReference; includeInIndex = 1; lastKnownFileType = text.xcconfig; name = "Pods-BeelineTests.release.xcconfig"; path = "Target Support Files/Pods-BeelineTests/Pods-BeelineTests.release.xcconfig"; sourceTree = "<group>"; };
		6321888D8D6ED847ED216439 /* Pods-Beeline.release.xcconfig */ = {isa = PBXFileReference; includeInIndex = 1; lastKnownFileType = text.xcconfig; name = "Pods-Beeline.release.xcconfig"; path = "Target Support Files/Pods-Beeline/Pods-Beeline.release.xcconfig"; sourceTree = "<group>"; };
		927E6F83BFC55B10CD232265 /* Pods_BeelineTests.framework */ = {isa = PBXFileReference; explicitFileType = wrapper.framework; includeInIndex = 0; path = Pods_BeelineTests.framework; sourceTree = BUILT_PRODUCTS_DIR; };
		DB4B51B7251A14EB00BA289D /* ActivitiesPresenter.swift */ = {isa = PBXFileReference; lastKnownFileType = sourcecode.swift; path = ActivitiesPresenter.swift; sourceTree = "<group>"; };
		DB4B51B8251A14EB00BA289D /* ActivitiesRouter.swift */ = {isa = PBXFileReference; lastKnownFileType = sourcecode.swift; path = ActivitiesRouter.swift; sourceTree = "<group>"; };
		DB4B51B9251A14EB00BA289D /* ActivitiesViewController.swift */ = {isa = PBXFileReference; lastKnownFileType = sourcecode.swift; path = ActivitiesViewController.swift; sourceTree = "<group>"; };
		DB4B51BA251A14EB00BA289D /* ActivitiesInteractor.swift */ = {isa = PBXFileReference; lastKnownFileType = sourcecode.swift; path = ActivitiesInteractor.swift; sourceTree = "<group>"; };
		DB4B51BB251A14EC00BA289D /* ActivitiesEntity.swift */ = {isa = PBXFileReference; lastKnownFileType = sourcecode.swift; path = ActivitiesEntity.swift; sourceTree = "<group>"; };
		DB4B51BC251A14EC00BA289D /* ActivitiesViewController.xib */ = {isa = PBXFileReference; lastKnownFileType = file.xib; path = ActivitiesViewController.xib; sourceTree = "<group>"; };
		DB4B51BD251A14EC00BA289D /* ActivitiesService.swift */ = {isa = PBXFileReference; lastKnownFileType = sourcecode.swift; path = ActivitiesService.swift; sourceTree = "<group>"; };
		DB4B51C8251A14FE00BA289D /* ActivitiesAssembly.swift */ = {isa = PBXFileReference; lastKnownFileType = sourcecode.swift; path = ActivitiesAssembly.swift; sourceTree = "<group>"; };
		DB4EF4D224FEF1790041EDEF /* Beeline.app */ = {isa = PBXFileReference; explicitFileType = wrapper.application; includeInIndex = 0; path = Beeline.app; sourceTree = BUILT_PRODUCTS_DIR; };
		DB4EF4D524FEF1790041EDEF /* AppDelegate.swift */ = {isa = PBXFileReference; lastKnownFileType = sourcecode.swift; path = AppDelegate.swift; sourceTree = "<group>"; };
		DB4EF4DE24FEF17D0041EDEF /* Assets.xcassets */ = {isa = PBXFileReference; lastKnownFileType = folder.assetcatalog; path = Assets.xcassets; sourceTree = "<group>"; };
		DB4EF4E124FEF17D0041EDEF /* Base */ = {isa = PBXFileReference; lastKnownFileType = file.storyboard; name = Base; path = Base.lproj/LaunchScreen.storyboard; sourceTree = "<group>"; };
		DB4EF4E324FEF17D0041EDEF /* Info.plist */ = {isa = PBXFileReference; lastKnownFileType = text.plist.xml; path = Info.plist; sourceTree = "<group>"; };
		DB4EF4E824FEF17D0041EDEF /* BeelineTests.xctest */ = {isa = PBXFileReference; explicitFileType = wrapper.cfbundle; includeInIndex = 0; path = BeelineTests.xctest; sourceTree = BUILT_PRODUCTS_DIR; };
		DB4EF4EC24FEF17D0041EDEF /* BeelineTests.swift */ = {isa = PBXFileReference; lastKnownFileType = sourcecode.swift; path = BeelineTests.swift; sourceTree = "<group>"; };
		DB4EF4EE24FEF17D0041EDEF /* Info.plist */ = {isa = PBXFileReference; lastKnownFileType = text.plist.xml; path = Info.plist; sourceTree = "<group>"; };
		DB4EF4F324FEF17D0041EDEF /* BeelineUITests.xctest */ = {isa = PBXFileReference; explicitFileType = wrapper.cfbundle; includeInIndex = 0; path = BeelineUITests.xctest; sourceTree = BUILT_PRODUCTS_DIR; };
		DB4EF4F724FEF17D0041EDEF /* BeelineUITests.swift */ = {isa = PBXFileReference; lastKnownFileType = sourcecode.swift; path = BeelineUITests.swift; sourceTree = "<group>"; };
		DB4EF4F924FEF17D0041EDEF /* Info.plist */ = {isa = PBXFileReference; lastKnownFileType = text.plist.xml; path = Info.plist; sourceTree = "<group>"; };
		DBBD00862516312000074789 /* HomePresenter.swift */ = {isa = PBXFileReference; lastKnownFileType = sourcecode.swift; path = HomePresenter.swift; sourceTree = "<group>"; };
		DBBD00872516312000074789 /* HomeRouter.swift */ = {isa = PBXFileReference; lastKnownFileType = sourcecode.swift; path = HomeRouter.swift; sourceTree = "<group>"; };
		DBBD00882516312000074789 /* HomeViewController.swift */ = {isa = PBXFileReference; lastKnownFileType = sourcecode.swift; path = HomeViewController.swift; sourceTree = "<group>"; };
		DBBD00892516312000074789 /* HomeInteractor.swift */ = {isa = PBXFileReference; lastKnownFileType = sourcecode.swift; path = HomeInteractor.swift; sourceTree = "<group>"; };
		DBBD008A2516312000074789 /* HomeEntity.swift */ = {isa = PBXFileReference; lastKnownFileType = sourcecode.swift; path = HomeEntity.swift; sourceTree = "<group>"; };
		DBBD008B2516312000074789 /* HomeViewController.xib */ = {isa = PBXFileReference; lastKnownFileType = file.xib; path = HomeViewController.xib; sourceTree = "<group>"; };
		DBBD008C2516312000074789 /* HomeService.swift */ = {isa = PBXFileReference; lastKnownFileType = sourcecode.swift; path = HomeService.swift; sourceTree = "<group>"; };
		DBBD00982516314400074789 /* HomeAssembly.swift */ = {isa = PBXFileReference; lastKnownFileType = sourcecode.swift; path = HomeAssembly.swift; sourceTree = "<group>"; };
		DBBD00A72516317400074789 /* ViewControllerAssembly.swift */ = {isa = PBXFileReference; lastKnownFileType = sourcecode.swift; path = ViewControllerAssembly.swift; sourceTree = "<group>"; };
		DBBD00AD251631A600074789 /* ViewControllerFactory.swift */ = {isa = PBXFileReference; lastKnownFileType = sourcecode.swift; path = ViewControllerFactory.swift; sourceTree = "<group>"; };
		DBBD00BE2516367C00074789 /* CardView.swift */ = {isa = PBXFileReference; lastKnownFileType = sourcecode.swift; path = CardView.swift; sourceTree = "<group>"; };
		DBBD00C32516383200074789 /* CardBlurView.swift */ = {isa = PBXFileReference; lastKnownFileType = sourcecode.swift; path = CardBlurView.swift; sourceTree = "<group>"; };
		EBBE5C1CF402E3E775A73905 /* Pods_Beeline.framework */ = {isa = PBXFileReference; explicitFileType = wrapper.framework; includeInIndex = 0; path = Pods_Beeline.framework; sourceTree = BUILT_PRODUCTS_DIR; };
		F067553B626B713FAE2FB857 /* Pods_Beeline_BeelineUITests.framework */ = {isa = PBXFileReference; explicitFileType = wrapper.framework; includeInIndex = 0; path = Pods_Beeline_BeelineUITests.framework; sourceTree = BUILT_PRODUCTS_DIR; };
/* End PBXFileReference section */

/* Begin PBXFrameworksBuildPhase section */
		DB4EF4CF24FEF1790041EDEF /* Frameworks */ = {
			isa = PBXFrameworksBuildPhase;
			buildActionMask = 2147483647;
			files = (
				82F2BCA04C45F04CAA9AB85F /* Pods_Beeline.framework in Frameworks */,
			);
			runOnlyForDeploymentPostprocessing = 0;
		};
		DB4EF4E524FEF17D0041EDEF /* Frameworks */ = {
			isa = PBXFrameworksBuildPhase;
			buildActionMask = 2147483647;
			files = (
				D03B3968E5955173E4540DCC /* Pods_BeelineTests.framework in Frameworks */,
			);
			runOnlyForDeploymentPostprocessing = 0;
		};
		DB4EF4F024FEF17D0041EDEF /* Frameworks */ = {
			isa = PBXFrameworksBuildPhase;
			buildActionMask = 2147483647;
			files = (
				9EC2C54FEBA8B9A09A7327C7 /* Pods_Beeline_BeelineUITests.framework in Frameworks */,
			);
			runOnlyForDeploymentPostprocessing = 0;
		};
/* End PBXFrameworksBuildPhase section */

/* Begin PBXGroup section */
		65D33A512DC8710A2CA5403E /* Frameworks */ = {
			isa = PBXGroup;
			children = (
				EBBE5C1CF402E3E775A73905 /* Pods_Beeline.framework */,
				F067553B626B713FAE2FB857 /* Pods_Beeline_BeelineUITests.framework */,
				927E6F83BFC55B10CD232265 /* Pods_BeelineTests.framework */,
			);
			name = Frameworks;
			sourceTree = "<group>";
		};
		CBF155EE640F8DA14CEF869C /* Pods */ = {
			isa = PBXGroup;
			children = (
				0B75DC308AD3255DF293182F /* Pods-Beeline.debug.xcconfig */,
				6321888D8D6ED847ED216439 /* Pods-Beeline.release.xcconfig */,
				33C8D68E157422E627987E1F /* Pods-Beeline-BeelineUITests.debug.xcconfig */,
				291CF1C8FA94F7EA360B9065 /* Pods-Beeline-BeelineUITests.release.xcconfig */,
				236258606CE552698E9FF292 /* Pods-BeelineTests.debug.xcconfig */,
				43856969268D65E0E79B7476 /* Pods-BeelineTests.release.xcconfig */,
			);
			path = Pods;
			sourceTree = "<group>";
		};
		DB4B51B6251A14D700BA289D /* Activities */ = {
			isa = PBXGroup;
			children = (
				DB4B51BB251A14EC00BA289D /* ActivitiesEntity.swift */,
				DB4B51BA251A14EB00BA289D /* ActivitiesInteractor.swift */,
				DB4B51B7251A14EB00BA289D /* ActivitiesPresenter.swift */,
				DB4B51B8251A14EB00BA289D /* ActivitiesRouter.swift */,
				DB4B51BD251A14EC00BA289D /* ActivitiesService.swift */,
				DB4B51B9251A14EB00BA289D /* ActivitiesViewController.swift */,
				DB4B51BC251A14EC00BA289D /* ActivitiesViewController.xib */,
			);
			path = Activities;
			sourceTree = "<group>";
		};
		DB4EF4C924FEF1790041EDEF = {
			isa = PBXGroup;
			children = (
				DB4EF4D424FEF1790041EDEF /* Beeline */,
				DB4EF4EB24FEF17D0041EDEF /* BeelineTests */,
				DB4EF4F624FEF17D0041EDEF /* BeelineUITests */,
				DB4EF4D324FEF1790041EDEF /* Products */,
				CBF155EE640F8DA14CEF869C /* Pods */,
				65D33A512DC8710A2CA5403E /* Frameworks */,
			);
			sourceTree = "<group>";
		};
		DB4EF4D324FEF1790041EDEF /* Products */ = {
			isa = PBXGroup;
			children = (
				DB4EF4D224FEF1790041EDEF /* Beeline.app */,
				DB4EF4E824FEF17D0041EDEF /* BeelineTests.xctest */,
				DB4EF4F324FEF17D0041EDEF /* BeelineUITests.xctest */,
			);
			name = Products;
			sourceTree = "<group>";
		};
		DB4EF4D424FEF1790041EDEF /* Beeline */ = {
			isa = PBXGroup;
			children = (
				DBBD00842516310500074789 /* DI */,
				DBBD0083251630FB00074789 /* Scenes */,
				DBBD00AC2516319100074789 /* Common */,
				DB4EF4D524FEF1790041EDEF /* AppDelegate.swift */,
				DB4EF4DE24FEF17D0041EDEF /* Assets.xcassets */,
				DB4EF4E024FEF17D0041EDEF /* LaunchScreen.storyboard */,
				DB4EF4E324FEF17D0041EDEF /* Info.plist */,
			);
			path = Beeline;
			sourceTree = "<group>";
		};
		DB4EF4EB24FEF17D0041EDEF /* BeelineTests */ = {
			isa = PBXGroup;
			children = (
				DB4EF4EC24FEF17D0041EDEF /* BeelineTests.swift */,
				DB4EF4EE24FEF17D0041EDEF /* Info.plist */,
			);
			path = BeelineTests;
			sourceTree = "<group>";
		};
		DB4EF4F624FEF17D0041EDEF /* BeelineUITests */ = {
			isa = PBXGroup;
			children = (
				DB4EF4F724FEF17D0041EDEF /* BeelineUITests.swift */,
				DB4EF4F924FEF17D0041EDEF /* Info.plist */,
			);
			path = BeelineUITests;
			sourceTree = "<group>";
		};
		DBBD0083251630FB00074789 /* Scenes */ = {
			isa = PBXGroup;
			children = (
				DB4B51B6251A14D700BA289D /* Activities */,
				DBBD00852516311200074789 /* Home */,
			);
			path = Scenes;
			sourceTree = "<group>";
		};
		DBBD00842516310500074789 /* DI */ = {
			isa = PBXGroup;
			children = (
				DBBD00A62516316900074789 /* Common */,
				DBBD00972516313600074789 /* Scenes */,
			);
			path = DI;
			sourceTree = "<group>";
		};
		DBBD00852516311200074789 /* Home */ = {
			isa = PBXGroup;
			children = (
				DBBD008A2516312000074789 /* HomeEntity.swift */,
				DBBD00892516312000074789 /* HomeInteractor.swift */,
				DBBD00862516312000074789 /* HomePresenter.swift */,
				DBBD00872516312000074789 /* HomeRouter.swift */,
				DBBD008C2516312000074789 /* HomeService.swift */,
				DBBD00882516312000074789 /* HomeViewController.swift */,
				DBBD008B2516312000074789 /* HomeViewController.xib */,
			);
			path = Home;
			sourceTree = "<group>";
		};
		DBBD00972516313600074789 /* Scenes */ = {
			isa = PBXGroup;
			children = (
				DBBD00982516314400074789 /* HomeAssembly.swift */,
				DB4B51C8251A14FE00BA289D /* ActivitiesAssembly.swift */,
			);
			path = Scenes;
			sourceTree = "<group>";
		};
		DBBD00A62516316900074789 /* Common */ = {
			isa = PBXGroup;
			children = (
				DBBD00A72516317400074789 /* ViewControllerAssembly.swift */,
			);
			path = Common;
			sourceTree = "<group>";
		};
		DBBD00AC2516319100074789 /* Common */ = {
			isa = PBXGroup;
			children = (
				DBBD00AD251631A600074789 /* ViewControllerFactory.swift */,
				DBBD00BE2516367C00074789 /* CardView.swift */,
				DBBD00C32516383200074789 /* CardBlurView.swift */,
			);
			path = Common;
			sourceTree = "<group>";
		};
/* End PBXGroup section */

/* Begin PBXNativeTarget section */
		DB4EF4D124FEF1790041EDEF /* Beeline */ = {
			isa = PBXNativeTarget;
			buildConfigurationList = DB4EF4FC24FEF17D0041EDEF /* Build configuration list for PBXNativeTarget "Beeline" */;
			buildPhases = (
				F89D2EF4DCC561F8D97294D0 /* [CP] Check Pods Manifest.lock */,
				DB4EF4CE24FEF1790041EDEF /* Sources */,
				DB4EF4CF24FEF1790041EDEF /* Frameworks */,
				DB4EF4D024FEF1790041EDEF /* Resources */,
				A85C3ACE08D295978593F44A /* [CP] Embed Pods Frameworks */,
			);
			buildRules = (
			);
			dependencies = (
			);
			name = Beeline;
			productName = Beeline;
			productReference = DB4EF4D224FEF1790041EDEF /* Beeline.app */;
			productType = "com.apple.product-type.application";
		};
		DB4EF4E724FEF17D0041EDEF /* BeelineTests */ = {
			isa = PBXNativeTarget;
			buildConfigurationList = DB4EF4FF24FEF17D0041EDEF /* Build configuration list for PBXNativeTarget "BeelineTests" */;
			buildPhases = (
				ECFA3296372F33E3409995B8 /* [CP] Check Pods Manifest.lock */,
				DB4EF4E424FEF17D0041EDEF /* Sources */,
				DB4EF4E524FEF17D0041EDEF /* Frameworks */,
				DB4EF4E624FEF17D0041EDEF /* Resources */,
			);
			buildRules = (
			);
			dependencies = (
				DB4EF4EA24FEF17D0041EDEF /* PBXTargetDependency */,
			);
			name = BeelineTests;
			productName = BeelineTests;
			productReference = DB4EF4E824FEF17D0041EDEF /* BeelineTests.xctest */;
			productType = "com.apple.product-type.bundle.unit-test";
		};
		DB4EF4F224FEF17D0041EDEF /* BeelineUITests */ = {
			isa = PBXNativeTarget;
			buildConfigurationList = DB4EF50224FEF17D0041EDEF /* Build configuration list for PBXNativeTarget "BeelineUITests" */;
			buildPhases = (
				11363803F51ABD647BF8B14B /* [CP] Check Pods Manifest.lock */,
				DB4EF4EF24FEF17D0041EDEF /* Sources */,
				DB4EF4F024FEF17D0041EDEF /* Frameworks */,
				DB4EF4F124FEF17D0041EDEF /* Resources */,
				C52170D800B07CDA46B5B096 /* [CP] Embed Pods Frameworks */,
			);
			buildRules = (
			);
			dependencies = (
				DB4EF4F524FEF17D0041EDEF /* PBXTargetDependency */,
			);
			name = BeelineUITests;
			productName = BeelineUITests;
			productReference = DB4EF4F324FEF17D0041EDEF /* BeelineUITests.xctest */;
			productType = "com.apple.product-type.bundle.ui-testing";
		};
/* End PBXNativeTarget section */

/* Begin PBXProject section */
		DB4EF4CA24FEF1790041EDEF /* Project object */ = {
			isa = PBXProject;
			attributes = {
				LastSwiftUpdateCheck = 1160;
				LastUpgradeCheck = 1160;
				ORGANIZATIONNAME = "Mehmet Tarhan";
				TargetAttributes = {
					DB4EF4D124FEF1790041EDEF = {
						CreatedOnToolsVersion = 11.6;
					};
					DB4EF4E724FEF17D0041EDEF = {
						CreatedOnToolsVersion = 11.6;
						TestTargetID = DB4EF4D124FEF1790041EDEF;
					};
					DB4EF4F224FEF17D0041EDEF = {
						CreatedOnToolsVersion = 11.6;
						TestTargetID = DB4EF4D124FEF1790041EDEF;
					};
				};
			};
			buildConfigurationList = DB4EF4CD24FEF1790041EDEF /* Build configuration list for PBXProject "Beeline" */;
			compatibilityVersion = "Xcode 9.3";
			developmentRegion = en;
			hasScannedForEncodings = 0;
			knownRegions = (
				en,
				Base,
			);
			mainGroup = DB4EF4C924FEF1790041EDEF;
			productRefGroup = DB4EF4D324FEF1790041EDEF /* Products */;
			projectDirPath = "";
			projectRoot = "";
			targets = (
				DB4EF4D124FEF1790041EDEF /* Beeline */,
				DB4EF4E724FEF17D0041EDEF /* BeelineTests */,
				DB4EF4F224FEF17D0041EDEF /* BeelineUITests */,
			);
		};
/* End PBXProject section */

/* Begin PBXResourcesBuildPhase section */
		DB4EF4D024FEF1790041EDEF /* Resources */ = {
			isa = PBXResourcesBuildPhase;
			buildActionMask = 2147483647;
			files = (
				DB4EF4E224FEF17D0041EDEF /* LaunchScreen.storyboard in Resources */,
				DB4B51C3251A14EC00BA289D /* ActivitiesViewController.xib in Resources */,
				DB4EF4DF24FEF17D0041EDEF /* Assets.xcassets in Resources */,
				DBBD00922516312000074789 /* HomeViewController.xib in Resources */,
			);
			runOnlyForDeploymentPostprocessing = 0;
		};
		DB4EF4E624FEF17D0041EDEF /* Resources */ = {
			isa = PBXResourcesBuildPhase;
			buildActionMask = 2147483647;
			files = (
			);
			runOnlyForDeploymentPostprocessing = 0;
		};
		DB4EF4F124FEF17D0041EDEF /* Resources */ = {
			isa = PBXResourcesBuildPhase;
			buildActionMask = 2147483647;
			files = (
			);
			runOnlyForDeploymentPostprocessing = 0;
		};
/* End PBXResourcesBuildPhase section */

/* Begin PBXShellScriptBuildPhase section */
		11363803F51ABD647BF8B14B /* [CP] Check Pods Manifest.lock */ = {
			isa = PBXShellScriptBuildPhase;
			buildActionMask = 2147483647;
			files = (
			);
			inputFileListPaths = (
			);
			inputPaths = (
				"${PODS_PODFILE_DIR_PATH}/Podfile.lock",
				"${PODS_ROOT}/Manifest.lock",
			);
			name = "[CP] Check Pods Manifest.lock";
			outputFileListPaths = (
			);
			outputPaths = (
				"$(DERIVED_FILE_DIR)/Pods-Beeline-BeelineUITests-checkManifestLockResult.txt",
			);
			runOnlyForDeploymentPostprocessing = 0;
			shellPath = /bin/sh;
			shellScript = "diff \"${PODS_PODFILE_DIR_PATH}/Podfile.lock\" \"${PODS_ROOT}/Manifest.lock\" > /dev/null\nif [ $? != 0 ] ; then\n    # print error to STDERR\n    echo \"error: The sandbox is not in sync with the Podfile.lock. Run 'pod install' or update your CocoaPods installation.\" >&2\n    exit 1\nfi\n# This output is used by Xcode 'outputs' to avoid re-running this script phase.\necho \"SUCCESS\" > \"${SCRIPT_OUTPUT_FILE_0}\"\n";
			showEnvVarsInLog = 0;
		};
		A85C3ACE08D295978593F44A /* [CP] Embed Pods Frameworks */ = {
			isa = PBXShellScriptBuildPhase;
			buildActionMask = 2147483647;
			files = (
			);
			inputFileListPaths = (
				"${PODS_ROOT}/Target Support Files/Pods-Beeline/Pods-Beeline-frameworks-${CONFIGURATION}-input-files.xcfilelist",
			);
			name = "[CP] Embed Pods Frameworks";
			outputFileListPaths = (
				"${PODS_ROOT}/Target Support Files/Pods-Beeline/Pods-Beeline-frameworks-${CONFIGURATION}-output-files.xcfilelist",
			);
			runOnlyForDeploymentPostprocessing = 0;
			shellPath = /bin/sh;
			shellScript = "\"${PODS_ROOT}/Target Support Files/Pods-Beeline/Pods-Beeline-frameworks.sh\"\n";
			showEnvVarsInLog = 0;
		};
		C52170D800B07CDA46B5B096 /* [CP] Embed Pods Frameworks */ = {
			isa = PBXShellScriptBuildPhase;
			buildActionMask = 2147483647;
			files = (
			);
			inputFileListPaths = (
				"${PODS_ROOT}/Target Support Files/Pods-Beeline-BeelineUITests/Pods-Beeline-BeelineUITests-frameworks-${CONFIGURATION}-input-files.xcfilelist",
			);
			name = "[CP] Embed Pods Frameworks";
			outputFileListPaths = (
				"${PODS_ROOT}/Target Support Files/Pods-Beeline-BeelineUITests/Pods-Beeline-BeelineUITests-frameworks-${CONFIGURATION}-output-files.xcfilelist",
			);
			runOnlyForDeploymentPostprocessing = 0;
			shellPath = /bin/sh;
			shellScript = "\"${PODS_ROOT}/Target Support Files/Pods-Beeline-BeelineUITests/Pods-Beeline-BeelineUITests-frameworks.sh\"\n";
			showEnvVarsInLog = 0;
		};
		ECFA3296372F33E3409995B8 /* [CP] Check Pods Manifest.lock */ = {
			isa = PBXShellScriptBuildPhase;
			buildActionMask = 2147483647;
			files = (
			);
			inputFileListPaths = (
			);
			inputPaths = (
				"${PODS_PODFILE_DIR_PATH}/Podfile.lock",
				"${PODS_ROOT}/Manifest.lock",
			);
			name = "[CP] Check Pods Manifest.lock";
			outputFileListPaths = (
			);
			outputPaths = (
				"$(DERIVED_FILE_DIR)/Pods-BeelineTests-checkManifestLockResult.txt",
			);
			runOnlyForDeploymentPostprocessing = 0;
			shellPath = /bin/sh;
			shellScript = "diff \"${PODS_PODFILE_DIR_PATH}/Podfile.lock\" \"${PODS_ROOT}/Manifest.lock\" > /dev/null\nif [ $? != 0 ] ; then\n    # print error to STDERR\n    echo \"error: The sandbox is not in sync with the Podfile.lock. Run 'pod install' or update your CocoaPods installation.\" >&2\n    exit 1\nfi\n# This output is used by Xcode 'outputs' to avoid re-running this script phase.\necho \"SUCCESS\" > \"${SCRIPT_OUTPUT_FILE_0}\"\n";
			showEnvVarsInLog = 0;
		};
		F89D2EF4DCC561F8D97294D0 /* [CP] Check Pods Manifest.lock */ = {
			isa = PBXShellScriptBuildPhase;
			buildActionMask = 2147483647;
			files = (
			);
			inputFileListPaths = (
			);
			inputPaths = (
				"${PODS_PODFILE_DIR_PATH}/Podfile.lock",
				"${PODS_ROOT}/Manifest.lock",
			);
			name = "[CP] Check Pods Manifest.lock";
			outputFileListPaths = (
			);
			outputPaths = (
				"$(DERIVED_FILE_DIR)/Pods-Beeline-checkManifestLockResult.txt",
			);
			runOnlyForDeploymentPostprocessing = 0;
			shellPath = /bin/sh;
			shellScript = "diff \"${PODS_PODFILE_DIR_PATH}/Podfile.lock\" \"${PODS_ROOT}/Manifest.lock\" > /dev/null\nif [ $? != 0 ] ; then\n    # print error to STDERR\n    echo \"error: The sandbox is not in sync with the Podfile.lock. Run 'pod install' or update your CocoaPods installation.\" >&2\n    exit 1\nfi\n# This output is used by Xcode 'outputs' to avoid re-running this script phase.\necho \"SUCCESS\" > \"${SCRIPT_OUTPUT_FILE_0}\"\n";
			showEnvVarsInLog = 0;
		};
/* End PBXShellScriptBuildPhase section */

/* Begin PBXSourcesBuildPhase section */
		DB4EF4CE24FEF1790041EDEF /* Sources */ = {
			isa = PBXSourcesBuildPhase;
			buildActionMask = 2147483647;
			files = (
				DB4B51C4251A14EC00BA289D /* ActivitiesService.swift in Sources */,
				DBBD00912516312000074789 /* HomeEntity.swift in Sources */,
				DBBD00992516314400074789 /* HomeAssembly.swift in Sources */,
				DB4EF4D624FEF1790041EDEF /* AppDelegate.swift in Sources */,
				DB4B51C9251A14FE00BA289D /* ActivitiesAssembly.swift in Sources */,
				DBBD00C42516383200074789 /* CardBlurView.swift in Sources */,
				DBBD008D2516312000074789 /* HomePresenter.swift in Sources */,
				DB4B51C1251A14EC00BA289D /* ActivitiesInteractor.swift in Sources */,
				DB4B51BF251A14EC00BA289D /* ActivitiesRouter.swift in Sources */,
				DBBD008E2516312000074789 /* HomeRouter.swift in Sources */,
				DB4B51C0251A14EC00BA289D /* ActivitiesViewController.swift in Sources */,
				DB4B51BE251A14EC00BA289D /* ActivitiesPresenter.swift in Sources */,
				DBBD00932516312000074789 /* HomeService.swift in Sources */,
				DBBD008F2516312000074789 /* HomeViewController.swift in Sources */,
				DBBD00AE251631A600074789 /* ViewControllerFactory.swift in Sources */,
				DBBD00902516312000074789 /* HomeInteractor.swift in Sources */,
				DBBD00BF2516367C00074789 /* CardView.swift in Sources */,
				DB4B51C2251A14EC00BA289D /* ActivitiesEntity.swift in Sources */,
				DBBD00A82516317400074789 /* ViewControllerAssembly.swift in Sources */,
			);
			runOnlyForDeploymentPostprocessing = 0;
		};
		DB4EF4E424FEF17D0041EDEF /* Sources */ = {
			isa = PBXSourcesBuildPhase;
			buildActionMask = 2147483647;
			files = (
				DB4EF4ED24FEF17D0041EDEF /* BeelineTests.swift in Sources */,
			);
			runOnlyForDeploymentPostprocessing = 0;
		};
		DB4EF4EF24FEF17D0041EDEF /* Sources */ = {
			isa = PBXSourcesBuildPhase;
			buildActionMask = 2147483647;
			files = (
				DB4EF4F824FEF17D0041EDEF /* BeelineUITests.swift in Sources */,
			);
			runOnlyForDeploymentPostprocessing = 0;
		};
/* End PBXSourcesBuildPhase section */

/* Begin PBXTargetDependency section */
		DB4EF4EA24FEF17D0041EDEF /* PBXTargetDependency */ = {
			isa = PBXTargetDependency;
			target = DB4EF4D124FEF1790041EDEF /* Beeline */;
			targetProxy = DB4EF4E924FEF17D0041EDEF /* PBXContainerItemProxy */;
		};
		DB4EF4F524FEF17D0041EDEF /* PBXTargetDependency */ = {
			isa = PBXTargetDependency;
			target = DB4EF4D124FEF1790041EDEF /* Beeline */;
			targetProxy = DB4EF4F424FEF17D0041EDEF /* PBXContainerItemProxy */;
		};
/* End PBXTargetDependency section */

/* Begin PBXVariantGroup section */
		DB4EF4E024FEF17D0041EDEF /* LaunchScreen.storyboard */ = {
			isa = PBXVariantGroup;
			children = (
				DB4EF4E124FEF17D0041EDEF /* Base */,
			);
			name = LaunchScreen.storyboard;
			sourceTree = "<group>";
		};
/* End PBXVariantGroup section */

/* Begin XCBuildConfiguration section */
		DB4EF4FA24FEF17D0041EDEF /* Debug */ = {
			isa = XCBuildConfiguration;
			buildSettings = {
				ALWAYS_SEARCH_USER_PATHS = NO;
				CLANG_ANALYZER_NONNULL = YES;
				CLANG_ANALYZER_NUMBER_OBJECT_CONVERSION = YES_AGGRESSIVE;
				CLANG_CXX_LANGUAGE_STANDARD = "gnu++14";
				CLANG_CXX_LIBRARY = "libc++";
				CLANG_ENABLE_MODULES = YES;
				CLANG_ENABLE_OBJC_ARC = YES;
				CLANG_ENABLE_OBJC_WEAK = YES;
				CLANG_WARN_BLOCK_CAPTURE_AUTORELEASING = YES;
				CLANG_WARN_BOOL_CONVERSION = YES;
				CLANG_WARN_COMMA = YES;
				CLANG_WARN_CONSTANT_CONVERSION = YES;
				CLANG_WARN_DEPRECATED_OBJC_IMPLEMENTATIONS = YES;
				CLANG_WARN_DIRECT_OBJC_ISA_USAGE = YES_ERROR;
				CLANG_WARN_DOCUMENTATION_COMMENTS = YES;
				CLANG_WARN_EMPTY_BODY = YES;
				CLANG_WARN_ENUM_CONVERSION = YES;
				CLANG_WARN_INFINITE_RECURSION = YES;
				CLANG_WARN_INT_CONVERSION = YES;
				CLANG_WARN_NON_LITERAL_NULL_CONVERSION = YES;
				CLANG_WARN_OBJC_IMPLICIT_RETAIN_SELF = YES;
				CLANG_WARN_OBJC_LITERAL_CONVERSION = YES;
				CLANG_WARN_OBJC_ROOT_CLASS = YES_ERROR;
				CLANG_WARN_RANGE_LOOP_ANALYSIS = YES;
				CLANG_WARN_STRICT_PROTOTYPES = YES;
				CLANG_WARN_SUSPICIOUS_MOVE = YES;
				CLANG_WARN_UNGUARDED_AVAILABILITY = YES_AGGRESSIVE;
				CLANG_WARN_UNREACHABLE_CODE = YES;
				CLANG_WARN__DUPLICATE_METHOD_MATCH = YES;
				COPY_PHASE_STRIP = NO;
				DEBUG_INFORMATION_FORMAT = dwarf;
				ENABLE_STRICT_OBJC_MSGSEND = YES;
				ENABLE_TESTABILITY = YES;
				GCC_C_LANGUAGE_STANDARD = gnu11;
				GCC_DYNAMIC_NO_PIC = NO;
				GCC_NO_COMMON_BLOCKS = YES;
				GCC_OPTIMIZATION_LEVEL = 0;
				GCC_PREPROCESSOR_DEFINITIONS = (
					"DEBUG=1",
					"$(inherited)",
				);
				GCC_WARN_64_TO_32_BIT_CONVERSION = YES;
				GCC_WARN_ABOUT_RETURN_TYPE = YES_ERROR;
				GCC_WARN_UNDECLARED_SELECTOR = YES;
				GCC_WARN_UNINITIALIZED_AUTOS = YES_AGGRESSIVE;
				GCC_WARN_UNUSED_FUNCTION = YES;
				GCC_WARN_UNUSED_VARIABLE = YES;
				IPHONEOS_DEPLOYMENT_TARGET = 13.6;
				MTL_ENABLE_DEBUG_INFO = INCLUDE_SOURCE;
				MTL_FAST_MATH = YES;
				ONLY_ACTIVE_ARCH = YES;
				SDKROOT = iphoneos;
				SWIFT_ACTIVE_COMPILATION_CONDITIONS = DEBUG;
				SWIFT_OPTIMIZATION_LEVEL = "-Onone";
			};
			name = Debug;
		};
		DB4EF4FB24FEF17D0041EDEF /* Release */ = {
			isa = XCBuildConfiguration;
			buildSettings = {
				ALWAYS_SEARCH_USER_PATHS = NO;
				CLANG_ANALYZER_NONNULL = YES;
				CLANG_ANALYZER_NUMBER_OBJECT_CONVERSION = YES_AGGRESSIVE;
				CLANG_CXX_LANGUAGE_STANDARD = "gnu++14";
				CLANG_CXX_LIBRARY = "libc++";
				CLANG_ENABLE_MODULES = YES;
				CLANG_ENABLE_OBJC_ARC = YES;
				CLANG_ENABLE_OBJC_WEAK = YES;
				CLANG_WARN_BLOCK_CAPTURE_AUTORELEASING = YES;
				CLANG_WARN_BOOL_CONVERSION = YES;
				CLANG_WARN_COMMA = YES;
				CLANG_WARN_CONSTANT_CONVERSION = YES;
				CLANG_WARN_DEPRECATED_OBJC_IMPLEMENTATIONS = YES;
				CLANG_WARN_DIRECT_OBJC_ISA_USAGE = YES_ERROR;
				CLANG_WARN_DOCUMENTATION_COMMENTS = YES;
				CLANG_WARN_EMPTY_BODY = YES;
				CLANG_WARN_ENUM_CONVERSION = YES;
				CLANG_WARN_INFINITE_RECURSION = YES;
				CLANG_WARN_INT_CONVERSION = YES;
				CLANG_WARN_NON_LITERAL_NULL_CONVERSION = YES;
				CLANG_WARN_OBJC_IMPLICIT_RETAIN_SELF = YES;
				CLANG_WARN_OBJC_LITERAL_CONVERSION = YES;
				CLANG_WARN_OBJC_ROOT_CLASS = YES_ERROR;
				CLANG_WARN_RANGE_LOOP_ANALYSIS = YES;
				CLANG_WARN_STRICT_PROTOTYPES = YES;
				CLANG_WARN_SUSPICIOUS_MOVE = YES;
				CLANG_WARN_UNGUARDED_AVAILABILITY = YES_AGGRESSIVE;
				CLANG_WARN_UNREACHABLE_CODE = YES;
				CLANG_WARN__DUPLICATE_METHOD_MATCH = YES;
				COPY_PHASE_STRIP = NO;
				DEBUG_INFORMATION_FORMAT = "dwarf-with-dsym";
				ENABLE_NS_ASSERTIONS = NO;
				ENABLE_STRICT_OBJC_MSGSEND = YES;
				GCC_C_LANGUAGE_STANDARD = gnu11;
				GCC_NO_COMMON_BLOCKS = YES;
				GCC_WARN_64_TO_32_BIT_CONVERSION = YES;
				GCC_WARN_ABOUT_RETURN_TYPE = YES_ERROR;
				GCC_WARN_UNDECLARED_SELECTOR = YES;
				GCC_WARN_UNINITIALIZED_AUTOS = YES_AGGRESSIVE;
				GCC_WARN_UNUSED_FUNCTION = YES;
				GCC_WARN_UNUSED_VARIABLE = YES;
				IPHONEOS_DEPLOYMENT_TARGET = 13.6;
				MTL_ENABLE_DEBUG_INFO = NO;
				MTL_FAST_MATH = YES;
				SDKROOT = iphoneos;
				SWIFT_COMPILATION_MODE = wholemodule;
				SWIFT_OPTIMIZATION_LEVEL = "-O";
				VALIDATE_PRODUCT = YES;
			};
			name = Release;
		};
		DB4EF4FD24FEF17D0041EDEF /* Debug */ = {
			isa = XCBuildConfiguration;
			baseConfigurationReference = 0B75DC308AD3255DF293182F /* Pods-Beeline.debug.xcconfig */;
			buildSettings = {
				ASSETCATALOG_COMPILER_APPICON_NAME = AppIcon;
				CODE_SIGN_STYLE = Automatic;
				DEVELOPMENT_TEAM = 2L9L899V66;
				INFOPLIST_FILE = Beeline/Info.plist;
				IPHONEOS_DEPLOYMENT_TARGET = 13.0;
				LD_RUNPATH_SEARCH_PATHS = (
					"$(inherited)",
					"@executable_path/Frameworks",
				);
				PRODUCT_BUNDLE_IDENTIFIER = com.memtarhan.Beeline;
				PRODUCT_NAME = "$(TARGET_NAME)";
				SWIFT_VERSION = 5.0;
				TARGETED_DEVICE_FAMILY = "1,2";
			};
			name = Debug;
		};
		DB4EF4FE24FEF17D0041EDEF /* Release */ = {
			isa = XCBuildConfiguration;
			baseConfigurationReference = 6321888D8D6ED847ED216439 /* Pods-Beeline.release.xcconfig */;
			buildSettings = {
				ASSETCATALOG_COMPILER_APPICON_NAME = AppIcon;
				CODE_SIGN_STYLE = Automatic;
				DEVELOPMENT_TEAM = 2L9L899V66;
				INFOPLIST_FILE = Beeline/Info.plist;
				IPHONEOS_DEPLOYMENT_TARGET = 13.0;
				LD_RUNPATH_SEARCH_PATHS = (
					"$(inherited)",
					"@executable_path/Frameworks",
				);
				PRODUCT_BUNDLE_IDENTIFIER = com.memtarhan.Beeline;
				PRODUCT_NAME = "$(TARGET_NAME)";
				SWIFT_VERSION = 5.0;
				TARGETED_DEVICE_FAMILY = "1,2";
			};
			name = Release;
		};
		DB4EF50024FEF17D0041EDEF /* Debug */ = {
			isa = XCBuildConfiguration;
			baseConfigurationReference = 236258606CE552698E9FF292 /* Pods-BeelineTests.debug.xcconfig */;
			buildSettings = {
				ALWAYS_EMBED_SWIFT_STANDARD_LIBRARIES = YES;
				BUNDLE_LOADER = "$(TEST_HOST)";
				CODE_SIGN_STYLE = Automatic;
				DEVELOPMENT_TEAM = 2L9L899V66;
				INFOPLIST_FILE = BeelineTests/Info.plist;
				IPHONEOS_DEPLOYMENT_TARGET = 13.6;
				LD_RUNPATH_SEARCH_PATHS = (
					"$(inherited)",
					"@executable_path/Frameworks",
					"@loader_path/Frameworks",
				);
				PRODUCT_BUNDLE_IDENTIFIER = com.memtarhan.BeelineTests;
				PRODUCT_NAME = "$(TARGET_NAME)";
				SWIFT_VERSION = 5.0;
				TARGETED_DEVICE_FAMILY = "1,2";
				TEST_HOST = "$(BUILT_PRODUCTS_DIR)/Beeline.app/Beeline";
			};
			name = Debug;
		};
		DB4EF50124FEF17D0041EDEF /* Release */ = {
			isa = XCBuildConfiguration;
			baseConfigurationReference = 43856969268D65E0E79B7476 /* Pods-BeelineTests.release.xcconfig */;
			buildSettings = {
				ALWAYS_EMBED_SWIFT_STANDARD_LIBRARIES = YES;
				BUNDLE_LOADER = "$(TEST_HOST)";
				CODE_SIGN_STYLE = Automatic;
				DEVELOPMENT_TEAM = 2L9L899V66;
				INFOPLIST_FILE = BeelineTests/Info.plist;
				IPHONEOS_DEPLOYMENT_TARGET = 13.6;
				LD_RUNPATH_SEARCH_PATHS = (
					"$(inherited)",
					"@executable_path/Frameworks",
					"@loader_path/Frameworks",
				);
				PRODUCT_BUNDLE_IDENTIFIER = com.memtarhan.BeelineTests;
				PRODUCT_NAME = "$(TARGET_NAME)";
				SWIFT_VERSION = 5.0;
				TARGETED_DEVICE_FAMILY = "1,2";
				TEST_HOST = "$(BUILT_PRODUCTS_DIR)/Beeline.app/Beeline";
			};
			name = Release;
		};
		DB4EF50324FEF17D0041EDEF /* Debug */ = {
			isa = XCBuildConfiguration;
			baseConfigurationReference = 33C8D68E157422E627987E1F /* Pods-Beeline-BeelineUITests.debug.xcconfig */;
			buildSettings = {
				ALWAYS_EMBED_SWIFT_STANDARD_LIBRARIES = YES;
				CODE_SIGN_STYLE = Automatic;
				DEVELOPMENT_TEAM = 2L9L899V66;
				INFOPLIST_FILE = BeelineUITests/Info.plist;
				LD_RUNPATH_SEARCH_PATHS = (
					"$(inherited)",
					"@executable_path/Frameworks",
					"@loader_path/Frameworks",
				);
				PRODUCT_BUNDLE_IDENTIFIER = com.memtarhan.BeelineUITests;
				PRODUCT_NAME = "$(TARGET_NAME)";
				SWIFT_VERSION = 5.0;
				TARGETED_DEVICE_FAMILY = "1,2";
				TEST_TARGET_NAME = Beeline;
			};
			name = Debug;
		};
		DB4EF50424FEF17D0041EDEF /* Release */ = {
			isa = XCBuildConfiguration;
			baseConfigurationReference = 291CF1C8FA94F7EA360B9065 /* Pods-Beeline-BeelineUITests.release.xcconfig */;
			buildSettings = {
				ALWAYS_EMBED_SWIFT_STANDARD_LIBRARIES = YES;
				CODE_SIGN_STYLE = Automatic;
				DEVELOPMENT_TEAM = 2L9L899V66;
				INFOPLIST_FILE = BeelineUITests/Info.plist;
				LD_RUNPATH_SEARCH_PATHS = (
					"$(inherited)",
					"@executable_path/Frameworks",
					"@loader_path/Frameworks",
				);
				PRODUCT_BUNDLE_IDENTIFIER = com.memtarhan.BeelineUITests;
				PRODUCT_NAME = "$(TARGET_NAME)";
				SWIFT_VERSION = 5.0;
				TARGETED_DEVICE_FAMILY = "1,2";
				TEST_TARGET_NAME = Beeline;
			};
			name = Release;
		};
/* End XCBuildConfiguration section */

/* Begin XCConfigurationList section */
		DB4EF4CD24FEF1790041EDEF /* Build configuration list for PBXProject "Beeline" */ = {
			isa = XCConfigurationList;
			buildConfigurations = (
				DB4EF4FA24FEF17D0041EDEF /* Debug */,
				DB4EF4FB24FEF17D0041EDEF /* Release */,
			);
			defaultConfigurationIsVisible = 0;
			defaultConfigurationName = Release;
		};
		DB4EF4FC24FEF17D0041EDEF /* Build configuration list for PBXNativeTarget "Beeline" */ = {
			isa = XCConfigurationList;
			buildConfigurations = (
				DB4EF4FD24FEF17D0041EDEF /* Debug */,
				DB4EF4FE24FEF17D0041EDEF /* Release */,
			);
			defaultConfigurationIsVisible = 0;
			defaultConfigurationName = Release;
		};
		DB4EF4FF24FEF17D0041EDEF /* Build configuration list for PBXNativeTarget "BeelineTests" */ = {
			isa = XCConfigurationList;
			buildConfigurations = (
				DB4EF50024FEF17D0041EDEF /* Debug */,
				DB4EF50124FEF17D0041EDEF /* Release */,
			);
			defaultConfigurationIsVisible = 0;
			defaultConfigurationName = Release;
		};
		DB4EF50224FEF17D0041EDEF /* Build configuration list for PBXNativeTarget "BeelineUITests" */ = {
			isa = XCConfigurationList;
			buildConfigurations = (
				DB4EF50324FEF17D0041EDEF /* Debug */,
				DB4EF50424FEF17D0041EDEF /* Release */,
			);
			defaultConfigurationIsVisible = 0;
			defaultConfigurationName = Release;
		};
/* End XCConfigurationList section */
	};
	rootObject = DB4EF4CA24FEF1790041EDEF /* Project object */;
}
